{
  "name": "forge",
  "version": "0.0.0",
  "lockfileVersion": 3,
  "requires": true,
  "packages": {
    "": {
      "name": "forge",
      "version": "0.0.0",
      "workspaces": [
        "packages/*"
      ],
      "devDependencies": {
        "typescript": "^5.9.2"
      }
    },
    "node_modules/@forge/cli": {
      "resolved": "packages/cli",
      "link": true
    },
    "node_modules/@forge/core": {
      "resolved": "packages/core",
      "link": true
    },
    "node_modules/@forge/create-forge-app": {
      "resolved": "packages/create-forge-app",
      "link": true
    },
    "node_modules/@forge/docs": {
      "resolved": "packages/docs",
      "link": true
    },
    "node_modules/@forge/generators": {
      "resolved": "packages/generators",
      "link": true
    },
    "node_modules/@forge/manifest": {
      "resolved": "packages/manifest",
      "link": true
    },
    "node_modules/@forge/runtime": {
      "resolved": "packages/runtime",
      "link": true
    },
    "node_modules/@forge/templates": {
      "resolved": "packages/templates",
      "link": true
    },
    "node_modules/typescript": {
      "version": "5.9.3",
      "resolved": "https://registry.npmjs.org/typescript/-/typescript-5.9.3.tgz",
      "integrity": "sha512-jl1vZzPDinLr9eUt3J/t7V6FgNEw9QjvBPdysz9KfQDD41fQrC2Y4vKQdiaUpFT4bXlb1RHhLpp8wtm6M5TgSw==",
      "dev": true,
      "license": "Apache-2.0",
      "bin": {
        "tsc": "bin/tsc",
        "tsserver": "bin/tsserver"
      },
      "engines": {
        "node": ">=14.17"
      }
    },
    "packages/cli": {
      "name": "@forge/cli",
      "version": "0.0.0",
      "dependencies": {
        "@forge/core": "0.0.0",
        "@forge/create-forge-app": "0.0.0",
        "@forge/generators": "0.0.0",
        "@forge/manifest": "0.0.0",
        "@forge/runtime": "0.0.0"
      },
      "bin": {
        "forge": "dist/index.js"
      }
    },
    "packages/core": {
      "name": "@forge/core",
      "version": "0.0.0"
    },
    "packages/create-forge-app": {
      "name": "@forge/create-forge-app",
      "version": "0.0.0",
      "bin": {
        "create-forge-app": "dist/index.js"
      }
    },
    "packages/docs": {
      "name": "@forge/docs",
      "version": "0.0.0"
    },
    "packages/generators": {
      "name": "@forge/generators",
      "version": "0.0.0",
      "dependencies": {
        "@forge/core": "0.0.0",
        "@forge/manifest": "0.0.0",
        "@forge/templates": "0.0.0"
      }
    },
    "packages/manifest": {
      "name": "@forge/manifest",
      "version": "0.0.0"
    },
    "packages/runtime": {
      "name": "@forge/runtime",
      "version": "0.0.0",
      "dependencies": {
        "@forge/core": "0.0.0"
      }
    },
    "packages/templates": {
      "name": "@forge/templates",
      "version": "0.0.0"
    }
  }
}
